github.com/mattn/go-sqlite3 v1.14.32 h1:JD12Ag3oLy1zQA+BNn74xRgaBbdhbNIDYvQUEuuErjs=
github.com/mattn/go-sqlite3 v1.14.32/go.mod h1:Uh1q+B4BYcTPb+yiD3kU8Ct7aC0hY9fxUwlHK0RXw+Y=
github.com/vixac/bullet v0.2.4 h1:VcOQE5i/X1LMiXAaKE2xPZCCO/2vTBJNND0UioM8U4I=
github.com/vixac/bullet v0.2.4/go.mod h1:Mj8bt3emmXNaSfd6DbgIyH+GmVhkIhiJbSaWFwrVnv4=
github.com/vixac/firbolg_clients v0.2.11 h1:YN237zuPHIW3WrjLBKngTK7tW+bnb2u+RbnZocdfSrk=
github.com/vixac/firbolg_clients v0.2.11/go.mod h1:Zb+DHozB63WOum2lLAopFARzMvuIe2DwQ561PxzJceU=
